{
  "version": 4,
  "terraform_version": "1.15.8",
  "serial": 6,
  "lineage": "c02f8a10-1122-0180-fbdf-ce3590723959",
  "outputs": {
    "aws_region": {
      "value": "ap-northeast-1",
      "type": "string"
    },
    "tfstate_bucket": {
      "value": "learn-aws-saas-ts-tfstate-586341540320",
      "type": "string"
    },
    "tfstate_bucket_arn": {
      "value": "arn:aws:s3:::learn-aws-saas-ts-tfstate-586341540320",
      "type": "string"
    }
  },
  "resources": [
    {
      "mode": "data",
      "type": "aws_caller_identity",
      "name": "current",
      "provider": "provider[\"registry.terraform.io/hashicorp/aws\"]",
      "instances": [
        {
          "schema_version": 0,
          "attributes": {
            "account_id": "586341540320",
            "arn": "arn:aws:sts::586341540320:assumed-role/AWSReservedSSO_AdministratorAccess_112e51012951ac26/bellwood4486",
            "id": "586341540320",
            "user_id": "AROAYRBFN4HQMNEVF2IVG:bellwood4486"
          },
          "sensitive_attributes": [],
          "identity_schema_version": 0
        }
      ]
    },
    {
      "mode": "managed",
      "type": "aws_s3_bucket",
      "name": "tfstate",
      "provider": "provider[\"registry.terraform.io/hashicorp/aws\"]",
      "instances": [
        {
          "schema_version": 0,
          "attributes": {
            "acceleration_status": "",
            "acl": null,
            "arn": "arn:aws:s3:::learn-aws-saas-ts-tfstate-586341540320",
            "bucket": "learn-aws-saas-ts-tfstate-586341540320",
            "bucket_domain_name": "learn-aws-saas-ts-tfstate-586341540320.s3.amazonaws.com",
            "bucket_namespace": "global",
            "bucket_prefix": "",
            "bucket_region": "ap-northeast-1",
            "bucket_regional_domain_name": "learn-aws-saas-ts-tfstate-586341540320.s3.ap-northeast-1.amazonaws.com",
            "cors_rule": [],
            "force_destroy": false,
            "grant": [
              {
                "id": "6526ed1785f45ac7abdbfa84f1afcca85535bb71ef9fb89716fdc41d8978b02a",
                "permissions": [
                  "FULL_CONTROL"
                ],
                "type": "CanonicalUser",
                "uri": ""
              }
            ],
            "hosted_zone_id": "Z2M4EHUR26P7ZW",
            "id": "learn-aws-saas-ts-tfstate-586341540320",
            "lifecycle_rule": [],
            "logging": [],
            "object_lock_configuration": [],
            "object_lock_enabled": false,
            "policy": "",
            "region": "ap-northeast-1",
            "replication_configuration": [],
            "request_payer": "BucketOwner",
            "server_side_encryption_configuration": [
              {
                "rule": [
                  {
                    "apply_server_side_encryption_by_default": [
                      {
                        "kms_master_key_id": "",
                        "sse_algorithm": "AES256"
                      }
                    ],
                    "bucket_key_enabled": false
                  }
                ]
              }
            ],
            "tags": null,
            "tags_all": {
              "Layer": "bootstrap",
              "ManagedBy": "terraform",
              "Project": "learn-aws-saas-ts"
            },
            "timeouts": null,
            "versioning": [
              {
                "enabled": false,
                "mfa_delete": false
              }
            ],
            "website": [],
            "website_domain": null,
            "website_endpoint": null
          },
          "sensitive_attributes": [],
          "identity_schema_version": 0,
          "identity": {
            "account_id": "586341540320",
            "bucket": "learn-aws-saas-ts-tfstate-586341540320",
            "region": "ap-northeast-1"
          },
          "private": "eyJlMmJmYjczMC1lY2FhLTExZTYtOGY4OC0zNDM2M2JjN2M0YzAiOnsiY3JlYXRlIjoxMjAwMDAwMDAwMDAwLCJkZWxldGUiOjM2MDAwMDAwMDAwMDAsInJlYWQiOjEyMDAwMDAwMDAwMDAsInVwZGF0ZSI6MTIwMDAwMDAwMDAwMH19",
          "dependencies": [
            "data.aws_caller_identity.current"
          ]
        }
      ]
    },
    {
      "mode": "managed",
      "type": "aws_s3_bucket_ownership_controls",
      "name": "tfstate",
      "provider": "provider[\"registry.terraform.io/hashicorp/aws\"]",
      "instances": [
        {
          "schema_version": 0,
          "attributes": {
            "bucket": "learn-aws-saas-ts-tfstate-586341540320",
            "id": "learn-aws-saas-ts-tfstate-586341540320",
            "region": "ap-northeast-1",
            "rule": [
              {
                "object_ownership": "BucketOwnerEnforced"
              }
            ]
          },
          "sensitive_attributes": [],
          "identity_schema_version": 0,
          "identity": {
            "account_id": "586341540320",
            "bucket": "learn-aws-saas-ts-tfstate-586341540320",
            "region": "ap-northeast-1"
          },
          "private": "bnVsbA==",
          "dependencies": [
            "aws_s3_bucket.tfstate",
            "data.aws_caller_identity.current"
          ]
        }
      ]
    },
    {
      "mode": "managed",
      "type": "aws_s3_bucket_public_access_block",
      "name": "tfstate",
      "provider": "provider[\"registry.terraform.io/hashicorp/aws\"]",
      "instances": [
        {
          "schema_version": 0,
          "attributes": {
            "block_public_acls": true,
            "block_public_policy": true,
            "bucket": "learn-aws-saas-ts-tfstate-586341540320",
            "id": "learn-aws-saas-ts-tfstate-586341540320",
            "ignore_public_acls": true,
            "region": "ap-northeast-1",
            "restrict_public_buckets": true,
            "skip_destroy": null
          },
          "sensitive_attributes": [],
          "identity_schema_version": 0,
          "identity": {
            "account_id": "586341540320",
            "bucket": "learn-aws-saas-ts-tfstate-586341540320",
            "region": "ap-northeast-1"
          },
          "private": "bnVsbA==",
          "dependencies": [
            "aws_s3_bucket.tfstate",
            "data.aws_caller_identity.current"
          ]
        }
      ]
    },
    {
      "mode": "managed",
      "type": "aws_s3_bucket_server_side_encryption_configuration",
      "name": "tfstate",
      "provider": "provider[\"registry.terraform.io/hashicorp/aws\"]",
      "instances": [
        {
          "schema_version": 0,
          "attributes": {
            "bucket": "learn-aws-saas-ts-tfstate-586341540320",
            "expected_bucket_owner": "",
            "id": "learn-aws-saas-ts-tfstate-586341540320",
            "region": "ap-northeast-1",
            "rule": [
              {
                "apply_server_side_encryption_by_default": [
                  {
                    "kms_master_key_id": "",
                    "sse_algorithm": "AES256"
                  }
                ],
                "blocked_encryption_types": [
                  "SSE-C"
                ],
                "bucket_key_enabled": true
              }
            ]
          },
          "sensitive_attributes": [],
          "identity_schema_version": 1,
          "identity": {
            "account_id": "586341540320",
            "bucket": "learn-aws-saas-ts-tfstate-586341540320",
            "region": "ap-northeast-1"
          },
          "private": "bnVsbA==",
          "dependencies": [
            "aws_s3_bucket.tfstate",
            "data.aws_caller_identity.current"
          ]
        }
      ]
    },
    {
      "mode": "managed",
      "type": "aws_s3_bucket_versioning",
      "name": "tfstate",
      "provider": "provider[\"registry.terraform.io/hashicorp/aws\"]",
      "instances": [
        {
          "schema_version": 0,
          "attributes": {
            "bucket": "learn-aws-saas-ts-tfstate-586341540320",
            "expected_bucket_owner": "",
            "id": "learn-aws-saas-ts-tfstate-586341540320",
            "mfa": null,
            "region": "ap-northeast-1",
            "versioning_configuration": [
              {
                "mfa_delete": "Disabled",
                "status": "Enabled"
              }
            ]
          },
          "sensitive_attributes": [],
          "identity_schema_version": 1,
          "identity": {
            "account_id": "586341540320",
            "bucket": "learn-aws-saas-ts-tfstate-586341540320",
            "region": "ap-northeast-1"
          },
          "private": "bnVsbA==",
          "dependencies": [
            "aws_s3_bucket.tfstate",
            "data.aws_caller_identity.current"
          ]
        }
      ]
    }
  ],
  "check_results": null
}
